<?xml version="1.0" encoding="utf-8"?>
<Project ToolsVersion="4.0" xmlns="http://schemas.microsoft.com/developer/msbuild/2003">
  <ItemGroup>
    <Filter Include="Source Files">
      <UniqueIdentifier>{4FC737F1-C7A5-4376-A066-2A32D752A2FF}</UniqueIdentifier>
      <Extensions>cpp;c;cc;cxx;c++;cppm;ixx;def;odl;idl;hpj;bat;asm;asmx</Extensions>
    </Filter>
    <Filter Include="Header Files">
      <UniqueIdentifier>{93995380-89BD-4b04-88EB-625FBE52EBFB}</UniqueIdentifier>
      <Extensions>h;hh;hpp;hxx;h++;hm;inl;inc;ipp;xsd</Extensions>
    </Filter>
    <Filter Include="Resource Files">
      <UniqueIdentifier>{67DA6AB6-F800-4c08-8B7A-83BB121AAD01}</UniqueIdentifier>
      <Extensions>rc;ico;cur;bmp;dlg;rc2;rct;bin;rgs;gif;jpg;jpeg;jpe;resx;tiff;tif;png;wav;mfcribbon-ms</Extensions>
    </Filter>
    <Filter Include="Source Files\Shaders">
      <UniqueIdentifier>{02a7c647-566e-4b40-811f-31caa6b384d1}</UniqueIdentifier>
    </Filter>
    <Filter Include="Source Files\Subsystems">
      <UniqueIdentifier>{790cacc8-635c-452c-9d3f-7dd2c90469b1}</UniqueIdentifier>
    </Filter>
    <Filter Include="Source Files\Classes">
      <UniqueIdentifier>{8b286267-0239-4665-9e63-f5fb98fc5351}</UniqueIdentifier>
    </Filter>
    <Filter Include="Source Files\Shaders\Render Passes">
      <UniqueIdentifier>{ef0a6a66-0258-4c5c-bf2c-d9deed592372}</UniqueIdentifier>
    </Filter>
    <Filter Include="External">
      <UniqueIdentifier>{f7f4d981-4794-4514-a7fb-3515594dc1f4}</UniqueIdentifier>
    </Filter>
    <Filter Include="External\imgui">
      <UniqueIdentifier>{5ddf53ca-09a6-4fc3-87fa-4d6f1d0f0890}</UniqueIdentifier>
    </Filter>
  </ItemGroup>
  <ItemGroup>
    <ClCompile Include="main.cpp">
      <Filter>Source Files</Filter>
    </ClCompile>
    <ClCompile Include="engine.cpp">
      <Filter>Source Files</Filter>
    </ClCompile>
    <ClCompile Include="include\miniply\miniply.cpp">
      <Filter>External</Filter>
    </ClCompile>
    <ClCompile Include="Classes\camera.cpp">
      <Filter>Source Files\Classes</Filter>
    </ClCompile>
    <ClCompile Include="Classes\model.cpp">
      <Filter>Source Files\Classes</Filter>
    </ClCompile>
    <ClCompile Include="Subsystems\gui_system.cpp">
      <Filter>Source Files\Subsystems</Filter>
    </ClCompile>
    <ClCompile Include="Subsystems\input_system.cpp">
      <Filter>Source Files\Subsystems</Filter>
    </ClCompile>
    <ClCompile Include="Subsystems\render_system.cpp">
      <Filter>Source Files\Subsystems</Filter>
    </ClCompile>
    <ClCompile Include="Shaders\RenderPasses\normal_edge_pass.h">
      <Filter>Header Files</Filter>
    </ClCompile>
    <ClCompile Include="include\imgui\imgui.cpp">
      <Filter>External\imgui</Filter>
    </ClCompile>
    <ClCompile Include="include\imgui\imgui_demo.cpp">
      <Filter>External\imgui</Filter>
    </ClCompile>
    <ClCompile Include="include\imgui\imgui_draw.cpp">
      <Filter>External\imgui</Filter>
    </ClCompile>
    <ClCompile Include="include\imgui\backends\imgui_impl_dx11.cpp">
      <Filter>External\imgui</Filter>
    </ClCompile>
    <ClCompile Include="include\imgui\backends\imgui_impl_win32.cpp">
      <Filter>External\imgui</Filter>
    </ClCompile>
    <ClCompile Include="include\imgui\imgui_tables.cpp">
      <Filter>External\imgui</Filter>
    </ClCompile>
    <ClCompile Include="include\imgui\imgui_widgets.cpp">
      <Filter>External\imgui</Filter>
    </ClCompile>
    <ClCompile Include="Shaders\RenderPasses\geometry_pass.cpp">
      <Filter>Source Files\Shaders\Render Passes</Filter>
    </ClCompile>
    <ClCompile Include="Shaders\RenderPasses\crosshatch_pass.cpp">
      <Filter>Source Files\Shaders\Render Passes</Filter>
    </ClCompile>
    <ClCompile Include="Shaders\RenderPasses\halftone_pass.cpp">
      <Filter>Source Files\Shaders\Render Passes</Filter>
    </ClCompile>
    <ClCompile Include="Shaders\RenderPasses\lighting_pass.cpp">
      <Filter>Source Files\Shaders\Render Passes</Filter>
    </ClCompile>
    <ClCompile Include="Shaders\RenderPasses\sobel_pass.cpp">
      <Filter>Source Files\Shaders\Render Passes</Filter>
    </ClCompile>
  </ItemGroup>
  <ItemGroup>
    <ClInclude Include="engine.h">
      <Filter>Source Files</Filter>
    </ClInclude>
    <ClInclude Include="include\miniply\miniply.h">
      <Filter>External</Filter>
    </ClInclude>
    <ClInclude Include="Classes\camera.h">
      <Filter>Source Files\Classes</Filter>
    </ClInclude>
    <ClInclude Include="Classes\model.h">
      <Filter>Source Files\Classes</Filter>
    </ClInclude>
    <ClInclude Include="Subsystems\gui_system.h">
      <Filter>Source Files\Subsystems</Filter>
    </ClInclude>
    <ClInclude Include="Subsystems\input_system.h">
      <Filter>Source Files\Subsystems</Filter>
    </ClInclude>
    <ClInclude Include="Subsystems\render_system.h">
      <Filter>Source Files\Subsystems</Filter>
    </ClInclude>
    <ClInclude Include="Classes\render_target.h">
      <Filter>Source Files\Classes</Filter>
    </ClInclude>
    <ClInclude Include="Shaders\RenderPasses\render_pass.h">
      <Filter>Header Files</Filter>
    </ClInclude>
    <ClInclude Include="Subsystems\render_parameters.h">
      <Filter>Header Files</Filter>
    </ClInclude>
    <ClInclude Include="Shaders\RenderPasses\lighting_pass.h">
      <Filter>Header Files</Filter>
    </ClInclude>
    <ClInclude Include="Shaders\RenderPasses\halftone_pass.h">
      <Filter>Header Files</Filter>
    </ClInclude>
    <ClInclude Include="Shaders\RenderPasses\sobel_pass.h">
      <Filter>Header Files</Filter>
    </ClInclude>
    <ClInclude Include="Shaders\RenderPasses\blend_pass.h">
      <Filter>Header Files</Filter>
    </ClInclude>
    <ClInclude Include="Shaders\RenderPasses\crosshatch_pass.h">
      <Filter>Header Files</Filter>
    </ClInclude>
    <ClInclude Include="include\fastgltf\base64.hpp">
      <Filter>Header Files</Filter>
    </ClInclude>
    <ClInclude Include="include\fastgltf\core.hpp">
      <Filter>Header Files</Filter>
    </ClInclude>
    <ClInclude Include="include\fastgltf\dxmath_element_traits.hpp">
      <Filter>Header Files</Filter>
    </ClInclude>
    <ClInclude Include="include\fastgltf\glm_element_traits.hpp">
      <Filter>Header Files</Filter>
    </ClInclude>
    <ClInclude Include="include\fastgltf\math.hpp">
      <Filter>Header Files</Filter>
    </ClInclude>
    <ClInclude Include="include\fastgltf\tools.hpp">
      <Filter>Header Files</Filter>
    </ClInclude>
    <ClInclude Include="include\fastgltf\types.hpp">
      <Filter>Header Files</Filter>
    </ClInclude>
    <ClInclude Include="include\fastgltf\util.hpp">
      <Filter>Header Files</Filter>
    </ClInclude>
    <ClInclude Include="include\imgui\backends\imgui_impl_dx11.h">
      <Filter>Header Files</Filter>
    </ClInclude>
    <ClInclude Include="include\imgui\backends\imgui_impl_win32.h">
      <Filter>Header Files</Filter>
    </ClInclude>
    <ClInclude Include="include\imgui\imconfig.h">
      <Filter>Header Files</Filter>
    </ClInclude>
    <ClInclude Include="include\imgui\imgui.h">
      <Filter>Header Files</Filter>
    </ClInclude>
    <ClInclude Include="include\imgui\imgui_internal.h">
      <Filter>Header Files</Filter>
    </ClInclude>
    <ClInclude Include="include\imgui\imstb_rectpack.h">
      <Filter>Header Files</Filter>
    </ClInclude>
    <ClInclude Include="include\imgui\imstb_textedit.h">
      <Filter>Header Files</Filter>
    </ClInclude>
    <ClInclude Include="include\imgui\imstb_truetype.h">
      <Filter>Header Files</Filter>
    </ClInclude>
    <ClInclude Include="Shaders\RenderPasses\geometry_pass.h">
      <Filter>Source Files\Shaders\Render Passes</Filter>
    </ClInclude>
  </ItemGroup>
  <ItemGroup>
    <None Include="Shaders\base.ps">
      <Filter>Source Files\Shaders</Filter>
    </None>
    <None Include="Shaders\base.vs">
      <Filter>Source Files\Shaders</Filter>
    </None>
    <None Include="Shaders\halftone.ps">
      <Filter>Source Files\Shaders</Filter>
    </None>
    <None Include="Shaders\geometry.ps">
      <Filter>Source Files\Shaders</Filter>
    </None>
    <None Include="Shaders\geometry.vs">
      <Filter>Source Files\Shaders</Filter>
    </None>
    <None Include="Shaders\shadow.vs">
      <Filter>Source Files\Shaders</Filter>
    </None>
    <None Include="Shaders\blend.ps">
      <Filter>Source Files\Shaders</Filter>
    </None>
    <None Include="Shaders\crosshatch.ps">
      <Filter>Source Files\Shaders</Filter>
    </None>
    <None Include="Shaders\flat.ps">
      <Filter>Source Files\Shaders</Filter>
    </None>
    <None Include="Shaders\normal_edge.ps">
      <Filter>Source Files\Shaders</Filter>
    </None>
    <None Include="Shaders\sobel.ps">
      <Filter>Source Files\Shaders</Filter>
    </None>
  </ItemGroup>
</Project>